<?xml version="1.0" encoding="UTF-8" standalone="yes" ?>
<CodeBlocks_project_file>
	<FileVersion major="1" minor="6" />
	<Project>
		<Option title="PONG" />
		<Option pch_mode="2" />
		<Option compiler="gcc" />
		<Build>
			<Target title="Debug">
				<Option output="bin/Debug/PONG" prefix_auto="1" extension_auto="1" />
				<Option object_output="obj/Debug/" />
				<Option type="1" />
				<Option compiler="gcc" />
				<Compiler>
					<Add option="-g" />
				</Compiler>
			</Target>
			<Target title="Release">
				<Option output="bin/Release/PONG" prefix_auto="1" extension_auto="1" />
				<Option object_output="obj/Release/" />
				<Option type="1" />
				<Option compiler="gcc" />
				<Compiler>
					<Add option="-O2" />
				</Compiler>
				<Linker>
					<Add option="-s" />
				</Linker>
			</Target>
		</Build>
		<Compiler>
			<Add option="-std=c++0x" />
			<Add option="-Wall" />
			<Add option="`sdl-config --cflags`" />
			<Add directory="lua" />
			<Add directory="src" />
			<Add directory="include" />
			<Add directory="/usr/include/SDL" />
			<Add directory="src/ui" />
			<Add directory="include/ui" />
			<Add directory="/home/jason/Files/Code/c++/PONG/sqlite" />
		</Compiler>
		<Linker>
			<Add option="-lSDL_image" />
			<Add option="-lSDL_ttf" />
			<Add option="-lSDL_mixer" />
			<Add option="`sdl-config --libs`" />
			<Add option="-lpthread" />
			<Add option="-ldl" />
		</Linker>
		<Unit filename="TODO" />
		<Unit filename="include/config_file.h" />
		<Unit filename="include/config_manager.h" />
		<Unit filename="include/controller.h" />
		<Unit filename="include/game_engine.h" />
		<Unit filename="include/game_engine_datatypes.h" />
		<Unit filename="include/game_math.h" />
		<Unit filename="include/game_object.h" />
		<Unit filename="include/lua_object.h" />
		<Unit filename="include/map_parser.h" />
		<Unit filename="include/message_log.h" />
		<Unit filename="include/misc.h" />
		<Unit filename="include/player_paddle.h" />
		<Unit filename="include/pong_ball.h" />
		<Unit filename="include/text.h" />
		<Unit filename="include/text_menu.h" />
		<Unit filename="include/tile.h" />
		<Unit filename="include/ui/main_menu_ui.h" />
		<Unit filename="include/ui/startup_splash_ui.h" />
		<Unit filename="include/ui/startup_ui.h" />
		<Unit filename="lua/lapi.c">
			<Option compilerVar="CC" />
		</Unit>
		<Unit filename="lua/lapi.h" />
		<Unit filename="lua/lauxlib.c">
			<Option compilerVar="CC" />
		</Unit>
		<Unit filename="lua/lauxlib.h" />
		<Unit filename="lua/lbaselib.c">
			<Option compilerVar="CC" />
		</Unit>
		<Unit filename="lua/lcode.c">
			<Option compilerVar="CC" />
		</Unit>
		<Unit filename="lua/lcode.h" />
		<Unit filename="lua/ldblib.c">
			<Option compilerVar="CC" />
		</Unit>
		<Unit filename="lua/ldebug.c">
			<Option compilerVar="CC" />
		</Unit>
		<Unit filename="lua/ldebug.h" />
		<Unit filename="lua/ldo.c">
			<Option compilerVar="CC" />
		</Unit>
		<Unit filename="lua/ldo.h" />
		<Unit filename="lua/ldump.c">
			<Option compilerVar="CC" />
		</Unit>
		<Unit filename="lua/lfs.c">
			<Option compilerVar="CC" />
		</Unit>
		<Unit filename="lua/lfs.h" />
		<Unit filename="lua/lfunc.c">
			<Option compilerVar="CC" />
		</Unit>
		<Unit filename="lua/lfunc.h" />
		<Unit filename="lua/lgc.c">
			<Option compilerVar="CC" />
		</Unit>
		<Unit filename="lua/lgc.h" />
		<Unit filename="lua/linit.c">
			<Option compilerVar="CC" />
		</Unit>
		<Unit filename="lua/liolib.c">
			<Option compilerVar="CC" />
		</Unit>
		<Unit filename="lua/llex.c">
			<Option compilerVar="CC" />
		</Unit>
		<Unit filename="lua/llex.h" />
		<Unit filename="lua/llimits.h" />
		<Unit filename="lua/lmathlib.c">
			<Option compilerVar="CC" />
		</Unit>
		<Unit filename="lua/lmem.c">
			<Option compilerVar="CC" />
		</Unit>
		<Unit filename="lua/lmem.h" />
		<Unit filename="lua/loadlib.c">
			<Option compilerVar="CC" />
		</Unit>
		<Unit filename="lua/lobject.c">
			<Option compilerVar="CC" />
		</Unit>
		<Unit filename="lua/lobject.h" />
		<Unit filename="lua/lopcodes.c">
			<Option compilerVar="CC" />
		</Unit>
		<Unit filename="lua/lopcodes.h" />
		<Unit filename="lua/loslib.c">
			<Option compilerVar="CC" />
		</Unit>
		<Unit filename="lua/lparser.c">
			<Option compilerVar="CC" />
		</Unit>
		<Unit filename="lua/lparser.h" />
		<Unit filename="lua/lstate.c">
			<Option compilerVar="CC" />
		</Unit>
		<Unit filename="lua/lstate.h" />
		<Unit filename="lua/lstring.c">
			<Option compilerVar="CC" />
		</Unit>
		<Unit filename="lua/lstring.h" />
		<Unit filename="lua/lstrlib.c">
			<Option compilerVar="CC" />
		</Unit>
		<Unit filename="lua/ltable.c">
			<Option compilerVar="CC" />
		</Unit>
		<Unit filename="lua/ltable.h" />
		<Unit filename="lua/ltablib.c">
			<Option compilerVar="CC" />
		</Unit>
		<Unit filename="lua/ltm.c">
			<Option compilerVar="CC" />
		</Unit>
		<Unit filename="lua/ltm.h" />
		<Unit filename="lua/lua.h" />
		<Unit filename="lua/luaconf.h" />
		<Unit filename="lua/lualib.h" />
		<Unit filename="lua/lundump.c">
			<Option compilerVar="CC" />
		</Unit>
		<Unit filename="lua/lundump.h" />
		<Unit filename="lua/lvm.c">
			<Option compilerVar="CC" />
		</Unit>
		<Unit filename="lua/lvm.h" />
		<Unit filename="lua/lzio.c">
			<Option compilerVar="CC" />
		</Unit>
		<Unit filename="lua/lzio.h" />
		<Unit filename="lua/print.c">
			<Option compilerVar="CC" />
		</Unit>
		<Unit filename="main.cpp" />
		<Unit filename="project_credits" />
		<Unit filename="sdl_gfx/SDL_framerate.c">
			<Option compilerVar="CC" />
		</Unit>
		<Unit filename="sdl_gfx/SDL_framerate.h" />
		<Unit filename="sdl_gfx/SDL_gfxBlitFunc.c">
			<Option compilerVar="CC" />
		</Unit>
		<Unit filename="sdl_gfx/SDL_gfxBlitFunc.h" />
		<Unit filename="sdl_gfx/SDL_gfxPrimitives.c">
			<Option compilerVar="CC" />
		</Unit>
		<Unit filename="sdl_gfx/SDL_gfxPrimitives.h" />
		<Unit filename="sdl_gfx/SDL_gfxPrimitives_font.h" />
		<Unit filename="sdl_gfx/SDL_imageFilter.c">
			<Option compilerVar="CC" />
		</Unit>
		<Unit filename="sdl_gfx/SDL_imageFilter.h" />
		<Unit filename="sdl_gfx/SDL_rotozoom.c">
			<Option compilerVar="CC" />
		</Unit>
		<Unit filename="sdl_gfx/SDL_rotozoom.h" />
		<Unit filename="sqlite/sqlite3.c">
			<Option compilerVar="CC" />
		</Unit>
		<Unit filename="sqlite/sqlite3.h" />
		<Unit filename="src/config_file.cpp" />
		<Unit filename="src/config_manager.cpp" />
		<Unit filename="src/controller.cpp" />
		<Unit filename="src/game_engine.cpp" />
		<Unit filename="src/game_engine_collision.cpp" />
		<Unit filename="src/game_engine_draw.cpp" />
		<Unit filename="src/game_engine_gameplay.cpp" />
		<Unit filename="src/game_engine_joystick.cpp" />
		<Unit filename="src/game_engine_misc.cpp" />
		<Unit filename="src/game_engine_resource.cpp" />
		<Unit filename="src/game_engine_sound.cpp" />
		<Unit filename="src/game_engine_view.cpp" />
		<Unit filename="src/game_math.cpp" />
		<Unit filename="src/game_object.cpp" />
		<Unit filename="src/lua_object.cpp" />
		<Unit filename="src/map_parser.cpp" />
		<Unit filename="src/message_log.cpp" />
		<Unit filename="src/misc.cpp" />
		<Unit filename="src/player_paddle.cpp" />
		<Unit filename="src/pong_ball.cpp" />
		<Unit filename="src/text.cpp" />
		<Unit filename="src/text_menu.cpp" />
		<Unit filename="src/tile.cpp" />
		<Unit filename="src/ui/main_menu_ui.cpp" />
		<Unit filename="src/ui/startup_splash_ui.cpp" />
		<Unit filename="src/ui/startup_ui.cpp" />
		<Extensions>
			<code_completion />
			<debugger />
			<envvars />
		</Extensions>
	</Project>
</CodeBlocks_project_file>
